
Microsoft Visual Studio Solution File, Format Version 12.00
# Visual Studio Version 16
VisualStudioVersion = 25.0.1706.7
MinimumVisualStudioVersion = 10.0.40219.1
Project("{FAE04EC0-301F-11D3-BF4B-00C04F79EFBC}") = "YakitSatis", "YakitSatis\YakitSatis.csproj", "{647D97AA-383E-4391-BE53-E56916C987A7}"
EndProject
Global
	GlobalSection(SolutionConfigurationPlatforms) = preSolution
		Debug|Any CPU = Debug|Any CPU
		Release|Any CPU = Release|Any CPU
	EndGlobalSection
	GlobalSection(ProjectConfigurationPlatforms) = postSolution
		{647D97AA-383E-4391-BE53-E56916C987A7}.Debug|Any CPU.ActiveCfg = Debug|Any CPU
		{647D97AA-383E-4391-BE53-E56916C987A7}.Debug|Any CPU.Build.0 = Debug|Any CPU
		{647D97AA-383E-4391-BE53-E56916C987A7}.Release|Any CPU.ActiveCfg = Release|Any CPU
		{647D97AA-383E-4391-BE53-E56916C987A7}.Release|Any CPU.Build.0 = Release|Any CPU
	EndGlobalSection
	GlobalSection(SolutionProperties) = preSolution
		HideSolutionNode = FALSE
	EndGlobalSection
	GlobalSection(ExtensibilityGlobals) = postSolution
		SolutionGuid = {58438941-F052-4730-AA7B-723DC5AC7CC9}
	EndGlobalSection
EndGlobal
